
Microsoft Visual Studio Solution File, Format Version 12.00
# Visual Studio Version 17
VisualStudioVersion = 17.14.36603.0 d17.14
MinimumVisualStudioVersion = 10.0.40219.1
Project("{FAE04EC0-301F-11D3-BF4B-00C04F79EFBC}") = "ConsoleApp1", "ConsoleApp1.csproj", "{0AD98151-22E7-409C-B95B-450738620BC6}"
EndProject
Global
	GlobalSection(SolutionConfigurationPlatforms) = preSolution
		Debug|Any CPU = Debug|Any CPU
		Release|Any CPU = Release|Any CPU
	EndGlobalSection
	GlobalSection(ProjectConfigurationPlatforms) = postSolution
		{0AD98151-22E7-409C-B95B-450738620BC6}.Debug|Any CPU.ActiveCfg = Debug|Any CPU
		{0AD98151-22E7-409C-B95B-450738620BC6}.Debug|Any CPU.Build.0 = Debug|Any CPU
		{0AD98151-22E7-409C-B95B-450738620BC6}.Release|Any CPU.ActiveCfg = Release|Any CPU
		{0AD98151-22E7-409C-B95B-450738620BC6}.Release|Any CPU.Build.0 = Release|Any CPU
	EndGlobalSection
	GlobalSection(SolutionProperties) = preSolution
		HideSolutionNode = FALSE
	EndGlobalSection
	GlobalSection(ExtensibilityGlobals) = postSolution
		SolutionGuid = {A6553300-E2CE-47F1-BD71-978805C730AC}
	EndGlobalSection
EndGlobal
